
Microsoft Visual Studio Solution File, Format Version 12.00
# Visual Studio Version 17
VisualStudioVersion = 17.4.33403.182
MinimumVisualStudioVersion = 10.0.40219.1
Project("{FAE04EC0-301F-11D3-BF4B-00C04F79EFBC}") = "Kurs", "Kurs\Kurs.csproj", "{6E381D22-8D76-4E79-ACF0-DA05A83D7873}"
EndProject
Global
	GlobalSection(SolutionConfigurationPlatforms) = preSolution
		Debug|Any CPU = Debug|Any CPU
		Release|Any CPU = Release|Any CPU
	EndGlobalSection
	GlobalSection(ProjectConfigurationPlatforms) = postSolution
		{6E381D22-8D76-4E79-ACF0-DA05A83D7873}.Debug|Any CPU.ActiveCfg = Debug|Any CPU
		{6E381D22-8D76-4E79-ACF0-DA05A83D7873}.Debug|Any CPU.Build.0 = Debug|Any CPU
		{6E381D22-8D76-4E79-ACF0-DA05A83D7873}.Release|Any CPU.ActiveCfg = Release|Any CPU
		{6E381D22-8D76-4E79-ACF0-DA05A83D7873}.Release|Any CPU.Build.0 = Release|Any CPU
	EndGlobalSection
	GlobalSection(SolutionProperties) = preSolution
		HideSolutionNode = FALSE
	EndGlobalSection
	GlobalSection(ExtensibilityGlobals) = postSolution
		SolutionGuid = {C52F8F83-5326-40D8-A38A-7E012E74E41D}
	EndGlobalSection
EndGlobal
